PODS:
  - Eureka (3.0.0)
  - ZFRippleButton (0.6)

DEPENDENCIES:
  - Eureka (from `https://github.com/xmartlabs/Eureka.git`)
  - ZFRippleButton

EXTERNAL SOURCES:
  Eureka:
    :git: https://github.com/xmartlabs/Eureka.git

CHECKOUT OPTIONS:
  Eureka:
    :commit: 074ad432e697650087276e01c67bbb255e3ab1f4
    :git: https://github.com/xmartlabs/Eureka.git

SPEC CHECKSUMS:
  Eureka: 5b9418d7bfdc21ca977d69d124a6409f3e9af2c7
  ZFRippleButton: 62ea35e209757704dea697d66489fe69c13d7b77

PODFILE CHECKSUM: 1e078631dc5608413b312fd75248e586323b530f

COCOAPODS: 1.2.1.beta.1
