// !$*UTF8*$!
{
	archiveVersion = 1;
	classes = {
	};
	objectVersion = 46;
	objects = {

/* Begin PBXBuildFile section */
		4080F45C1BA8ACC200573116 /* AppDelegate.swift in Sources */ = {isa = PBXBuildFile; fileRef = 4080F45B1BA8ACC200573116 /* AppDelegate.swift */; };
		4080F45E1BA8ACC200573116 /* OldFlickerTestVC.swift in Sources */ = {isa = PBXBuildFile; fileRef = 4080F45D1BA8ACC200573116 /* OldFlickerTestVC.swift */; };
		4080F4611BA8ACC200573116 /* Main.storyboard in Resources */ = {isa = PBXBuildFile; fileRef = 4080F45F1BA8ACC200573116 /* Main.storyboard */; };
		4080F4631BA8ACC200573116 /* Images.xcassets in Resources */ = {isa = PBXBuildFile; fileRef = 4080F4621BA8ACC200573116 /* Images.xcassets */; };
		4080F4661BA8ACC200573116 /* LaunchScreen.xib in Resources */ = {isa = PBXBuildFile; fileRef = 4080F4641BA8ACC200573116 /* LaunchScreen.xib */; };
		4080F4881BA8ACFB00573116 /* AppDelegate.m in Sources */ = {isa = PBXBuildFile; fileRef = 4080F47D1BA8ACFB00573116 /* AppDelegate.m */; };
		4080F4891BA8ACFB00573116 /* CustomCellBackground.m in Sources */ = {isa = PBXBuildFile; fileRef = 4080F47F1BA8ACFB00573116 /* CustomCellBackground.m */; };
		4080F48A1BA8ACFB00573116 /* RFduino.m in Sources */ = {isa = PBXBuildFile; fileRef = 4080F4811BA8ACFB00573116 /* RFduino.m */; };
		4080F48B1BA8ACFB00573116 /* RfduinoManager.m in Sources */ = {isa = PBXBuildFile; fileRef = 4080F4841BA8ACFB00573116 /* RfduinoManager.m */; };
		4080F48C1BA8ACFB00573116 /* ScanViewController.m in Sources */ = {isa = PBXBuildFile; fileRef = 4080F4871BA8ACFB00573116 /* ScanViewController.m */; };
		CAB6C7032EB2BADEB8989BB8 /* Pods_RFduinoLedButtonInSwift.framework in Frameworks */ = {isa = PBXBuildFile; fileRef = FC57B5BDADF9090839F9AA27 /* Pods_RFduinoLedButtonInSwift.framework */; };
		DA48AF241E6D1A91007DDE21 /* MainVC.swift in Sources */ = {isa = PBXBuildFile; fileRef = DA48AF231E6D1A91007DDE21 /* MainVC.swift */; };
		DA48AF261E6D1B08007DDE21 /* TestVC.swift in Sources */ = {isa = PBXBuildFile; fileRef = DA48AF251E6D1B08007DDE21 /* TestVC.swift */; };
		DA51020D1E6D473200F7AE57 /* StudyVC.swift in Sources */ = {isa = PBXBuildFile; fileRef = DA51020C1E6D473200F7AE57 /* StudyVC.swift */; };
		DA7BBDE91E4C630C005E84C6 /* SettingsVC.swift in Sources */ = {isa = PBXBuildFile; fileRef = DA7BBDE81E4C630C005E84C6 /* SettingsVC.swift */; };
		DA7BF16B1DACC8D000D27A26 /* Assets.xcassets in Resources */ = {isa = PBXBuildFile; fileRef = DA7BF16A1DACC8D000D27A26 /* Assets.xcassets */; };
		DA7BF16D1DADA67B00D27A26 /* Utility.swift in Sources */ = {isa = PBXBuildFile; fileRef = DA7BF16C1DADA67B00D27A26 /* Utility.swift */; };
		DA7BF16F1DAECA1E00D27A26 /* ZFRippleButton.framework in Frameworks */ = {isa = PBXBuildFile; fileRef = DA7BF16E1DAECA1E00D27A26 /* ZFRippleButton.framework */; };
/* End PBXBuildFile section */

/* Begin PBXFileReference section */
		4080F4561BA8ACC200573116 /* RFduinoLedButtonInSwift.app */ = {isa = PBXFileReference; explicitFileType = wrapper.application; includeInIndex = 0; path = RFduinoLedButtonInSwift.app; sourceTree = BUILT_PRODUCTS_DIR; };
		4080F45A1BA8ACC200573116 /* Info.plist */ = {isa = PBXFileReference; lastKnownFileType = text.plist.xml; path = Info.plist; sourceTree = "<group>"; };
		4080F45B1BA8ACC200573116 /* AppDelegate.swift */ = {isa = PBXFileReference; lastKnownFileType = sourcecode.swift; path = AppDelegate.swift; sourceTree = "<group>"; };
		4080F45D1BA8ACC200573116 /* OldFlickerTestVC.swift */ = {isa = PBXFileReference; lastKnownFileType = sourcecode.swift; path = OldFlickerTestVC.swift; sourceTree = "<group>"; };
		4080F4601BA8ACC200573116 /* Base */ = {isa = PBXFileReference; lastKnownFileType = file.storyboard; name = Base; path = Base.lproj/Main.storyboard; sourceTree = "<group>"; };
		4080F4621BA8ACC200573116 /* Images.xcassets */ = {isa = PBXFileReference; lastKnownFileType = folder.assetcatalog; path = Images.xcassets; sourceTree = "<group>"; };
		4080F4651BA8ACC200573116 /* Base */ = {isa = PBXFileReference; lastKnownFileType = file.xib; name = Base; path = Base.lproj/LaunchScreen.xib; sourceTree = "<group>"; };
		4080F4701BA8ACC200573116 /* Info.plist */ = {isa = PBXFileReference; lastKnownFileType = text.plist.xml; path = Info.plist; sourceTree = "<group>"; };
		4080F4711BA8ACC200573116 /* RFduinoLedButtonInSwiftTests.swift */ = {isa = PBXFileReference; lastKnownFileType = sourcecode.swift; path = RFduinoLedButtonInSwiftTests.swift; sourceTree = "<group>"; };
		4080F47C1BA8ACFB00573116 /* AppDelegate.h */ = {isa = PBXFileReference; fileEncoding = 4; lastKnownFileType = sourcecode.c.h; path = AppDelegate.h; sourceTree = "<group>"; };
		4080F47D1BA8ACFB00573116 /* AppDelegate.m */ = {isa = PBXFileReference; fileEncoding = 4; lastKnownFileType = sourcecode.c.objc; path = AppDelegate.m; sourceTree = "<group>"; };
		4080F47E1BA8ACFB00573116 /* CustomCellBackground.h */ = {isa = PBXFileReference; fileEncoding = 4; lastKnownFileType = sourcecode.c.h; path = CustomCellBackground.h; sourceTree = "<group>"; };
		4080F47F1BA8ACFB00573116 /* CustomCellBackground.m */ = {isa = PBXFileReference; fileEncoding = 4; lastKnownFileType = sourcecode.c.objc; path = CustomCellBackground.m; sourceTree = "<group>"; };
		4080F4801BA8ACFB00573116 /* RFduino.h */ = {isa = PBXFileReference; fileEncoding = 4; lastKnownFileType = sourcecode.c.h; path = RFduino.h; sourceTree = "<group>"; };
		4080F4811BA8ACFB00573116 /* RFduino.m */ = {isa = PBXFileReference; fileEncoding = 4; lastKnownFileType = sourcecode.c.objc; path = RFduino.m; sourceTree = "<group>"; };
		4080F4821BA8ACFB00573116 /* RFduinoDelegate.h */ = {isa = PBXFileReference; fileEncoding = 4; lastKnownFileType = sourcecode.c.h; path = RFduinoDelegate.h; sourceTree = "<group>"; };
		4080F4831BA8ACFB00573116 /* RfduinoManager.h */ = {isa = PBXFileReference; fileEncoding = 4; lastKnownFileType = sourcecode.c.h; path = RfduinoManager.h; sourceTree = "<group>"; };
		4080F4841BA8ACFB00573116 /* RfduinoManager.m */ = {isa = PBXFileReference; fileEncoding = 4; lastKnownFileType = sourcecode.c.objc; path = RfduinoManager.m; sourceTree = "<group>"; };
		4080F4851BA8ACFB00573116 /* RFduinoManagerDelegate.h */ = {isa = PBXFileReference; fileEncoding = 4; lastKnownFileType = sourcecode.c.h; path = RFduinoManagerDelegate.h; sourceTree = "<group>"; };
		4080F4861BA8ACFB00573116 /* ScanViewController.h */ = {isa = PBXFileReference; fileEncoding = 4; lastKnownFileType = sourcecode.c.h; path = ScanViewController.h; sourceTree = "<group>"; };
		4080F4871BA8ACFB00573116 /* ScanViewController.m */ = {isa = PBXFileReference; fileEncoding = 4; lastKnownFileType = sourcecode.c.objc; path = ScanViewController.m; sourceTree = "<group>"; };
		4080F48F1BA8AEC400573116 /* RFduinoLedButtonInSwift-Bridging-Header.h */ = {isa = PBXFileReference; lastKnownFileType = sourcecode.c.h; path = "RFduinoLedButtonInSwift-Bridging-Header.h"; sourceTree = "<group>"; };
		9FB37730C2C256EEA3EDBABA /* Pods-RFduinoLedButtonInSwift.release.xcconfig */ = {isa = PBXFileReference; includeInIndex = 1; lastKnownFileType = text.xcconfig; name = "Pods-RFduinoLedButtonInSwift.release.xcconfig"; path = "Pods/Target Support Files/Pods-RFduinoLedButtonInSwift/Pods-RFduinoLedButtonInSwift.release.xcconfig"; sourceTree = "<group>"; };
		DA48AF231E6D1A91007DDE21 /* MainVC.swift */ = {isa = PBXFileReference; fileEncoding = 4; lastKnownFileType = sourcecode.swift; path = MainVC.swift; sourceTree = "<group>"; };
		DA48AF251E6D1B08007DDE21 /* TestVC.swift */ = {isa = PBXFileReference; fileEncoding = 4; lastKnownFileType = sourcecode.swift; path = TestVC.swift; sourceTree = "<group>"; };
		DA51020C1E6D473200F7AE57 /* StudyVC.swift */ = {isa = PBXFileReference; fileEncoding = 4; lastKnownFileType = sourcecode.swift; path = StudyVC.swift; sourceTree = "<group>"; };
		DA7BBDE81E4C630C005E84C6 /* SettingsVC.swift */ = {isa = PBXFileReference; fileEncoding = 4; lastKnownFileType = sourcecode.swift; path = SettingsVC.swift; sourceTree = "<group>"; };
		DA7BF16A1DACC8D000D27A26 /* Assets.xcassets */ = {isa = PBXFileReference; lastKnownFileType = folder.assetcatalog; path = Assets.xcassets; sourceTree = "<group>"; };
		DA7BF16C1DADA67B00D27A26 /* Utility.swift */ = {isa = PBXFileReference; fileEncoding = 4; lastKnownFileType = sourcecode.swift; path = Utility.swift; sourceTree = "<group>"; };
		DA7BF16E1DAECA1E00D27A26 /* ZFRippleButton.framework */ = {isa = PBXFileReference; lastKnownFileType = wrapper.framework; name = ZFRippleButton.framework; path = "../../Library/Developer/Xcode/DerivedData/RFduinoLedButtonInSwift-aglwwkjylwyvvtezcosuvlsykajr/Build/Products/Debug-iphoneos/ZFRippleButton/ZFRippleButton.framework"; sourceTree = "<group>"; };
		DDC2956900284B987BDE2D7F /* Pods-RFduinoLedButtonInSwift.debug.xcconfig */ = {isa = PBXFileReference; includeInIndex = 1; lastKnownFileType = text.xcconfig; name = "Pods-RFduinoLedButtonInSwift.debug.xcconfig"; path = "Pods/Target Support Files/Pods-RFduinoLedButtonInSwift/Pods-RFduinoLedButtonInSwift.debug.xcconfig"; sourceTree = "<group>"; };
		FC57B5BDADF9090839F9AA27 /* Pods_RFduinoLedButtonInSwift.framework */ = {isa = PBXFileReference; explicitFileType = wrapper.framework; includeInIndex = 0; path = Pods_RFduinoLedButtonInSwift.framework; sourceTree = BUILT_PRODUCTS_DIR; };
/* End PBXFileReference section */

/* Begin PBXFrameworksBuildPhase section */
		4080F4531BA8ACC200573116 /* Frameworks */ = {
			isa = PBXFrameworksBuildPhase;
			buildActionMask = 2147483647;
			files = (
				DA7BF16F1DAECA1E00D27A26 /* ZFRippleButton.framework in Frameworks */,
				CAB6C7032EB2BADEB8989BB8 /* Pods_RFduinoLedButtonInSwift.framework in Frameworks */,
			);
			runOnlyForDeploymentPostprocessing = 0;
		};
/* End PBXFrameworksBuildPhase section */

/* Begin PBXGroup section */
		2764B9F1E48A1C66BD9DC4AB /* Pods */ = {
			isa = PBXGroup;
			children = (
				DDC2956900284B987BDE2D7F /* Pods-RFduinoLedButtonInSwift.debug.xcconfig */,
				9FB37730C2C256EEA3EDBABA /* Pods-RFduinoLedButtonInSwift.release.xcconfig */,
			);
			name = Pods;
			sourceTree = "<group>";
		};
		4080F44D1BA8ACC100573116 = {
			isa = PBXGroup;
			children = (
				4080F47B1BA8ACFB00573116 /* rfduino */,
				4080F4581BA8ACC200573116 /* RFduinoLedButtonInSwift */,
				4080F46E1BA8ACC200573116 /* RFduinoLedButtonInSwiftTests */,
				4080F4571BA8ACC200573116 /* Products */,
				2764B9F1E48A1C66BD9DC4AB /* Pods */,
				690A9BE10CD2FB01B53071AD /* Frameworks */,
			);
			sourceTree = "<group>";
		};
		4080F4571BA8ACC200573116 /* Products */ = {
			isa = PBXGroup;
			children = (
				4080F4561BA8ACC200573116 /* RFduinoLedButtonInSwift.app */,
			);
			name = Products;
			sourceTree = "<group>";
		};
		4080F4581BA8ACC200573116 /* RFduinoLedButtonInSwift */ = {
			isa = PBXGroup;
			children = (
				DA7BF16A1DACC8D000D27A26 /* Assets.xcassets */,
				4080F48F1BA8AEC400573116 /* RFduinoLedButtonInSwift-Bridging-Header.h */,
				4080F45B1BA8ACC200573116 /* AppDelegate.swift */,
				DA48AF231E6D1A91007DDE21 /* MainVC.swift */,
				DA48AF251E6D1B08007DDE21 /* TestVC.swift */,
				DA51020C1E6D473200F7AE57 /* StudyVC.swift */,
				4080F45D1BA8ACC200573116 /* OldFlickerTestVC.swift */,
				DA7BBDE81E4C630C005E84C6 /* SettingsVC.swift */,
				4080F45F1BA8ACC200573116 /* Main.storyboard */,
				4080F4621BA8ACC200573116 /* Images.xcassets */,
				4080F4641BA8ACC200573116 /* LaunchScreen.xib */,
				4080F4591BA8ACC200573116 /* Supporting Files */,
				DA7BF16C1DADA67B00D27A26 /* Utility.swift */,
			);
			path = RFduinoLedButtonInSwift;
			sourceTree = "<group>";
		};
		4080F4591BA8ACC200573116 /* Supporting Files */ = {
			isa = PBXGroup;
			children = (
				4080F45A1BA8ACC200573116 /* Info.plist */,
			);
			name = "Supporting Files";
			sourceTree = "<group>";
		};
		4080F46E1BA8ACC200573116 /* RFduinoLedButtonInSwiftTests */ = {
			isa = PBXGroup;
			children = (
				4080F4711BA8ACC200573116 /* RFduinoLedButtonInSwiftTests.swift */,
				4080F46F1BA8ACC200573116 /* Supporting Files */,
			);
			path = RFduinoLedButtonInSwiftTests;
			sourceTree = "<group>";
		};
		4080F46F1BA8ACC200573116 /* Supporting Files */ = {
			isa = PBXGroup;
			children = (
				4080F4701BA8ACC200573116 /* Info.plist */,
			);
			name = "Supporting Files";
			sourceTree = "<group>";
		};
		4080F47B1BA8ACFB00573116 /* rfduino */ = {
			isa = PBXGroup;
			children = (
				4080F47C1BA8ACFB00573116 /* AppDelegate.h */,
				4080F47D1BA8ACFB00573116 /* AppDelegate.m */,
				4080F47E1BA8ACFB00573116 /* CustomCellBackground.h */,
				4080F47F1BA8ACFB00573116 /* CustomCellBackground.m */,
				4080F4801BA8ACFB00573116 /* RFduino.h */,
				4080F4811BA8ACFB00573116 /* RFduino.m */,
				4080F4821BA8ACFB00573116 /* RFduinoDelegate.h */,
				4080F4831BA8ACFB00573116 /* RfduinoManager.h */,
				4080F4841BA8ACFB00573116 /* RfduinoManager.m */,
				4080F4851BA8ACFB00573116 /* RFduinoManagerDelegate.h */,
				4080F4861BA8ACFB00573116 /* ScanViewController.h */,
				4080F4871BA8ACFB00573116 /* ScanViewController.m */,
			);
			path = rfduino;
			sourceTree = "<group>";
		};
		690A9BE10CD2FB01B53071AD /* Frameworks */ = {
			isa = PBXGroup;
			children = (
				DA7BF16E1DAECA1E00D27A26 /* ZFRippleButton.framework */,
				FC57B5BDADF9090839F9AA27 /* Pods_RFduinoLedButtonInSwift.framework */,
			);
			name = Frameworks;
			sourceTree = "<group>";
		};
/* End PBXGroup section */

/* Begin PBXNativeTarget section */
		4080F4551BA8ACC200573116 /* RFduinoLedButtonInSwift */ = {
			isa = PBXNativeTarget;
			buildConfigurationList = 4080F4751BA8ACC200573116 /* Build configuration list for PBXNativeTarget "RFduinoLedButtonInSwift" */;
			buildPhases = (
				69E55830BA6BFFA06EAED036 /* [CP] Check Pods Manifest.lock */,
				4080F4521BA8ACC200573116 /* Sources */,
				4080F4531BA8ACC200573116 /* Frameworks */,
				4080F4541BA8ACC200573116 /* Resources */,
				1A887BDC13ACFB82F590C3F5 /* [CP] Embed Pods Frameworks */,
				0F138EA5BA479FF50BA4F8CA /* [CP] Copy Pods Resources */,
			);
			buildRules = (
			);
			dependencies = (
			);
			name = RFduinoLedButtonInSwift;
			productName = RFduinoLedButtonInSwift;
			productReference = 4080F4561BA8ACC200573116 /* RFduinoLedButtonInSwift.app */;
			productType = "com.apple.product-type.application";
		};
/* End PBXNativeTarget section */

/* Begin PBXProject section */
		4080F44E1BA8ACC100573116 /* Project object */ = {
			isa = PBXProject;
			attributes = {
				LastSwiftMigration = 0730;
				LastSwiftUpdateCheck = 0730;
				LastUpgradeCheck = 0640;
				ORGANIZATIONNAME = TrainFES;
				TargetAttributes = {
					4080F4551BA8ACC200573116 = {
						CreatedOnToolsVersion = 6.4;
						DevelopmentTeam = DKZNRX975N;
						LastSwiftMigration = 0800;
					};
				};
			};
			buildConfigurationList = 4080F4511BA8ACC100573116 /* Build configuration list for PBXProject "RFduinoLedButtonInSwift" */;
			compatibilityVersion = "Xcode 3.2";
			developmentRegion = English;
			hasScannedForEncodings = 0;
			knownRegions = (
				en,
				Base,
			);
			mainGroup = 4080F44D1BA8ACC100573116;
			productRefGroup = 4080F4571BA8ACC200573116 /* Products */;
			projectDirPath = "";
			projectRoot = "";
			targets = (
				4080F4551BA8ACC200573116 /* RFduinoLedButtonInSwift */,
			);
		};
/* End PBXProject section */

/* Begin PBXResourcesBuildPhase section */
		4080F4541BA8ACC200573116 /* Resources */ = {
			isa = PBXResourcesBuildPhase;
			buildActionMask = 2147483647;
			files = (
				4080F4611BA8ACC200573116 /* Main.storyboard in Resources */,
				4080F4661BA8ACC200573116 /* LaunchScreen.xib in Resources */,
				DA7BF16B1DACC8D000D27A26 /* Assets.xcassets in Resources */,
				4080F4631BA8ACC200573116 /* Images.xcassets in Resources */,
			);
			runOnlyForDeploymentPostprocessing = 0;
		};
/* End PBXResourcesBuildPhase section */

/* Begin PBXShellScriptBuildPhase section */
		0F138EA5BA479FF50BA4F8CA /* [CP] Copy Pods Resources */ = {
			isa = PBXShellScriptBuildPhase;
			buildActionMask = 2147483647;
			files = (
			);
			inputPaths = (
			);
			name = "[CP] Copy Pods Resources";
			outputPaths = (
			);
			runOnlyForDeploymentPostprocessing = 0;
			shellPath = /bin/sh;
			shellScript = "\"${SRCROOT}/Pods/Target Support Files/Pods-RFduinoLedButtonInSwift/Pods-RFduinoLedButtonInSwift-resources.sh\"\n";
			showEnvVarsInLog = 0;
		};
		1A887BDC13ACFB82F590C3F5 /* [CP] Embed Pods Frameworks */ = {
			isa = PBXShellScriptBuildPhase;
			buildActionMask = 2147483647;
			files = (
			);
			inputPaths = (
			);
			name = "[CP] Embed Pods Frameworks";
			outputPaths = (
			);
			runOnlyForDeploymentPostprocessing = 0;
			shellPath = /bin/sh;
			shellScript = "\"${SRCROOT}/Pods/Target Support Files/Pods-RFduinoLedButtonInSwift/Pods-RFduinoLedButtonInSwift-frameworks.sh\"\n";
			showEnvVarsInLog = 0;
		};
		69E55830BA6BFFA06EAED036 /* [CP] Check Pods Manifest.lock */ = {
			isa = PBXShellScriptBuildPhase;
			buildActionMask = 2147483647;
			files = (
			);
			inputPaths = (
			);
			name = "[CP] Check Pods Manifest.lock";
			outputPaths = (
			);
			runOnlyForDeploymentPostprocessing = 0;
			shellPath = /bin/sh;
			shellScript = "diff \"${PODS_PODFILE_DIR_PATH}/Podfile.lock\" \"${PODS_ROOT}/Manifest.lock\" > /dev/null\nif [ $? != 0 ] ; then\n    # print error to STDERR\n    echo \"error: The sandbox is not in sync with the Podfile.lock. Run 'pod install' or update your CocoaPods installation.\" >&2\n    exit 1\nfi\n";
			showEnvVarsInLog = 0;
		};
/* End PBXShellScriptBuildPhase section */

/* Begin PBXSourcesBuildPhase section */
		4080F4521BA8ACC200573116 /* Sources */ = {
			isa = PBXSourcesBuildPhase;
			buildActionMask = 2147483647;
			files = (
				4080F4891BA8ACFB00573116 /* CustomCellBackground.m in Sources */,
				4080F48B1BA8ACFB00573116 /* RfduinoManager.m in Sources */,
				4080F45E1BA8ACC200573116 /* OldFlickerTestVC.swift in Sources */,
				DA48AF261E6D1B08007DDE21 /* TestVC.swift in Sources */,
				DA48AF241E6D1A91007DDE21 /* MainVC.swift in Sources */,
				4080F45C1BA8ACC200573116 /* AppDelegate.swift in Sources */,
				DA7BF16D1DADA67B00D27A26 /* Utility.swift in Sources */,
				4080F48C1BA8ACFB00573116 /* ScanViewController.m in Sources */,
				DA7BBDE91E4C630C005E84C6 /* SettingsVC.swift in Sources */,
				4080F4881BA8ACFB00573116 /* AppDelegate.m in Sources */,
				DA51020D1E6D473200F7AE57 /* StudyVC.swift in Sources */,
				4080F48A1BA8ACFB00573116 /* RFduino.m in Sources */,
			);
			runOnlyForDeploymentPostprocessing = 0;
		};
/* End PBXSourcesBuildPhase section */

/* Begin PBXVariantGroup section */
		4080F45F1BA8ACC200573116 /* Main.storyboard */ = {
			isa = PBXVariantGroup;
			children = (
				4080F4601BA8ACC200573116 /* Base */,
			);
			name = Main.storyboard;
			sourceTree = "<group>";
		};
		4080F4641BA8ACC200573116 /* LaunchScreen.xib */ = {
			isa = PBXVariantGroup;
			children = (
				4080F4651BA8ACC200573116 /* Base */,
			);
			name = LaunchScreen.xib;
			sourceTree = "<group>";
		};
/* End PBXVariantGroup section */

/* Begin XCBuildConfiguration section */
		4080F4731BA8ACC200573116 /* Debug */ = {
			isa = XCBuildConfiguration;
			buildSettings = {
				ALWAYS_SEARCH_USER_PATHS = NO;
				CLANG_CXX_LANGUAGE_STANDARD = "gnu++0x";
				CLANG_CXX_LIBRARY = "libc++";
				CLANG_ENABLE_MODULES = YES;
				CLANG_ENABLE_OBJC_ARC = YES;
				CLANG_WARN_BOOL_CONVERSION = YES;
				CLANG_WARN_CONSTANT_CONVERSION = YES;
				CLANG_WARN_DIRECT_OBJC_ISA_USAGE = YES_ERROR;
				CLANG_WARN_EMPTY_BODY = YES;
				CLANG_WARN_ENUM_CONVERSION = YES;
				CLANG_WARN_INT_CONVERSION = YES;
				CLANG_WARN_OBJC_ROOT_CLASS = YES_ERROR;
				CLANG_WARN_UNREACHABLE_CODE = YES;
				CLANG_WARN__DUPLICATE_METHOD_MATCH = YES;
				"CODE_SIGN_IDENTITY[sdk=iphoneos*]" = "iPhone Developer";
				COPY_PHASE_STRIP = NO;
				DEBUG_INFORMATION_FORMAT = "dwarf-with-dsym";
				ENABLE_STRICT_OBJC_MSGSEND = YES;
				GCC_C_LANGUAGE_STANDARD = gnu99;
				GCC_DYNAMIC_NO_PIC = NO;
				GCC_NO_COMMON_BLOCKS = YES;
				GCC_OPTIMIZATION_LEVEL = 0;
				GCC_PREPROCESSOR_DEFINITIONS = (
					"DEBUG=1",
					"$(inherited)",
				);
				GCC_SYMBOLS_PRIVATE_EXTERN = NO;
				GCC_WARN_64_TO_32_BIT_CONVERSION = YES;
				GCC_WARN_ABOUT_RETURN_TYPE = YES_ERROR;
				GCC_WARN_UNDECLARED_SELECTOR = YES;
				GCC_WARN_UNINITIALIZED_AUTOS = YES_AGGRESSIVE;
				GCC_WARN_UNUSED_FUNCTION = YES;
				GCC_WARN_UNUSED_VARIABLE = YES;
				IPHONEOS_DEPLOYMENT_TARGET = 8.4;
				MTL_ENABLE_DEBUG_INFO = YES;
				ONLY_ACTIVE_ARCH = YES;
				SDKROOT = iphoneos;
				SWIFT_OPTIMIZATION_LEVEL = "-Onone";
			};
			name = Debug;
		};
		4080F4741BA8ACC200573116 /* Release */ = {
			isa = XCBuildConfiguration;
			buildSettings = {
				ALWAYS_SEARCH_USER_PATHS = NO;
				CLANG_CXX_LANGUAGE_STANDARD = "gnu++0x";
				CLANG_CXX_LIBRARY = "libc++";
				CLANG_ENABLE_MODULES = YES;
				CLANG_ENABLE_OBJC_ARC = YES;
				CLANG_WARN_BOOL_CONVERSION = YES;
				CLANG_WARN_CONSTANT_CONVERSION = YES;
				CLANG_WARN_DIRECT_OBJC_ISA_USAGE = YES_ERROR;
				CLANG_WARN_EMPTY_BODY = YES;
				CLANG_WARN_ENUM_CONVERSION = YES;
				CLANG_WARN_INT_CONVERSION = YES;
				CLANG_WARN_OBJC_ROOT_CLASS = YES_ERROR;
				CLANG_WARN_UNREACHABLE_CODE = YES;
				CLANG_WARN__DUPLICATE_METHOD_MATCH = YES;
				"CODE_SIGN_IDENTITY[sdk=iphoneos*]" = "iPhone Developer";
				COPY_PHASE_STRIP = NO;
				DEBUG_INFORMATION_FORMAT = "dwarf-with-dsym";
				ENABLE_NS_ASSERTIONS = NO;
				ENABLE_STRICT_OBJC_MSGSEND = YES;
				GCC_C_LANGUAGE_STANDARD = gnu99;
				GCC_NO_COMMON_BLOCKS = YES;
				GCC_WARN_64_TO_32_BIT_CONVERSION = YES;
				GCC_WARN_ABOUT_RETURN_TYPE = YES_ERROR;
				GCC_WARN_UNDECLARED_SELECTOR = YES;
				GCC_WARN_UNINITIALIZED_AUTOS = YES_AGGRESSIVE;
				GCC_WARN_UNUSED_FUNCTION = YES;
				GCC_WARN_UNUSED_VARIABLE = YES;
				IPHONEOS_DEPLOYMENT_TARGET = 8.4;
				MTL_ENABLE_DEBUG_INFO = NO;
				SDKROOT = iphoneos;
				VALIDATE_PRODUCT = YES;
			};
			name = Release;
		};
		4080F4761BA8ACC200573116 /* Debug */ = {
			isa = XCBuildConfiguration;
			baseConfigurationReference = DDC2956900284B987BDE2D7F /* Pods-RFduinoLedButtonInSwift.debug.xcconfig */;
			buildSettings = {
				ASSETCATALOG_COMPILER_APPICON_NAME = AppIcon;
				DEVELOPMENT_TEAM = DKZNRX975N;
				ENABLE_BITCODE = NO;
				INFOPLIST_FILE = RFduinoLedButtonInSwift/Info.plist;
				IPHONEOS_DEPLOYMENT_TARGET = 9.0;
				LD_RUNPATH_SEARCH_PATHS = "$(inherited) @executable_path/Frameworks";
				PRODUCT_BUNDLE_IDENTIFIER = xiaoyiz.rfduinoFlicker;
				PRODUCT_NAME = "$(TARGET_NAME)";
				SWIFT_OBJC_BRIDGING_HEADER = "RFduinoLedButtonInSwift/RFDuinoLedButtonInSwift-Bridging-Header.h";
				SWIFT_VERSION = 3.0;
			};
			name = Debug;
		};
		4080F4771BA8ACC200573116 /* Release */ = {
			isa = XCBuildConfiguration;
			baseConfigurationReference = 9FB37730C2C256EEA3EDBABA /* Pods-RFduinoLedButtonInSwift.release.xcconfig */;
			buildSettings = {
				ASSETCATALOG_COMPILER_APPICON_NAME = AppIcon;
				DEVELOPMENT_TEAM = DKZNRX975N;
				ENABLE_BITCODE = NO;
				INFOPLIST_FILE = RFduinoLedButtonInSwift/Info.plist;
				IPHONEOS_DEPLOYMENT_TARGET = 9.0;
				LD_RUNPATH_SEARCH_PATHS = "$(inherited) @executable_path/Frameworks";
				PRODUCT_BUNDLE_IDENTIFIER = xiaoyiz.rfduinoFlicker;
				PRODUCT_NAME = "$(TARGET_NAME)";
				SWIFT_OBJC_BRIDGING_HEADER = "RFduinoLedButtonInSwift/RFDuinoLedButtonInSwift-Bridging-Header.h";
				SWIFT_VERSION = 3.0;
			};
			name = Release;
		};
/* End XCBuildConfiguration section */

/* Begin XCConfigurationList section */
		4080F4511BA8ACC100573116 /* Build configuration list for PBXProject "RFduinoLedButtonInSwift" */ = {
			isa = XCConfigurationList;
			buildConfigurations = (
				4080F4731BA8ACC200573116 /* Debug */,
				4080F4741BA8ACC200573116 /* Release */,
			);
			defaultConfigurationIsVisible = 0;
			defaultConfigurationName = Release;
		};
		4080F4751BA8ACC200573116 /* Build configuration list for PBXNativeTarget "RFduinoLedButtonInSwift" */ = {
			isa = XCConfigurationList;
			buildConfigurations = (
				4080F4761BA8ACC200573116 /* Debug */,
				4080F4771BA8ACC200573116 /* Release */,
			);
			defaultConfigurationIsVisible = 0;
			defaultConfigurationName = Release;
		};
/* End XCConfigurationList section */
	};
	rootObject = 4080F44E1BA8ACC100573116 /* Project object */;
}
